// !$*UTF8*$!
{
	archiveVersion = 1;
	classes = {
	};
	objectVersion = 46;
	objects = {

/* Begin PBXBuildFile section */
		143368671B96091C009CE199 /* AppDelegate.swift in Sources */ = {isa = PBXBuildFile; fileRef = 143368661B96091C009CE199 /* AppDelegate.swift */; };
		143368691B96091C009CE199 /* ViewController.swift in Sources */ = {isa = PBXBuildFile; fileRef = 143368681B96091C009CE199 /* ViewController.swift */; };
		1433686C1B96091C009CE199 /* Main.storyboard in Resources */ = {isa = PBXBuildFile; fileRef = 1433686A1B96091C009CE199 /* Main.storyboard */; };
		1433686E1B96091C009CE199 /* Images.xcassets in Resources */ = {isa = PBXBuildFile; fileRef = 1433686D1B96091C009CE199 /* Images.xcassets */; };
		143368711B96091C009CE199 /* LaunchScreen.xib in Resources */ = {isa = PBXBuildFile; fileRef = 1433686F1B96091C009CE199 /* LaunchScreen.xib */; };
		1433687D1B96091C009CE199 /* CalculatorTests.swift in Sources */ = {isa = PBXBuildFile; fileRef = 1433687C1B96091C009CE199 /* CalculatorTests.swift */; };
/* End PBXBuildFile section */

/* Begin PBXContainerItemProxy section */
		143368771B96091C009CE199 /* PBXContainerItemProxy */ = {
			isa = PBXContainerItemProxy;
			containerPortal = 143368591B96091C009CE199 /* Project object */;
			proxyType = 1;
			remoteGlobalIDString = 143368601B96091C009CE199;
			remoteInfo = Calculator;
		};
/* End PBXContainerItemProxy section */

/* Begin PBXFileReference section */
		143368611B96091C009CE199 /* Calculator.app */ = {isa = PBXFileReference; explicitFileType = wrapper.application; includeInIndex = 0; path = Calculator.app; sourceTree = BUILT_PRODUCTS_DIR; };
		143368651B96091C009CE199 /* Info.plist */ = {isa = PBXFileReference; lastKnownFileType = text.plist.xml; path = Info.plist; sourceTree = "<group>"; };
		143368661B96091C009CE199 /* AppDelegate.swift */ = {isa = PBXFileReference; lastKnownFileType = sourcecode.swift; path = AppDelegate.swift; sourceTree = "<group>"; };
		143368681B96091C009CE199 /* ViewController.swift */ = {isa = PBXFileReference; lastKnownFileType = sourcecode.swift; path = ViewController.swift; sourceTree = "<group>"; };
		1433686B1B96091C009CE199 /* Base */ = {isa = PBXFileReference; lastKnownFileType = file.storyboard; name = Base; path = Base.lproj/Main.storyboard; sourceTree = "<group>"; };
		1433686D1B96091C009CE199 /* Images.xcassets */ = {isa = PBXFileReference; lastKnownFileType = folder.assetcatalog; path = Images.xcassets; sourceTree = "<group>"; };
		143368701B96091C009CE199 /* Base */ = {isa = PBXFileReference; lastKnownFileType = file.xib; name = Base; path = Base.lproj/LaunchScreen.xib; sourceTree = "<group>"; };
		143368761B96091C009CE199 /* CalculatorTests.xctest */ = {isa = PBXFileReference; explicitFileType = wrapper.cfbundle; includeInIndex = 0; path = CalculatorTests.xctest; sourceTree = BUILT_PRODUCTS_DIR; };
		1433687B1B96091C009CE199 /* Info.plist */ = {isa = PBXFileReference; lastKnownFileType = text.plist.xml; path = Info.plist; sourceTree = "<group>"; };
		1433687C1B96091C009CE199 /* CalculatorTests.swift */ = {isa = PBXFileReference; lastKnownFileType = sourcecode.swift; path = CalculatorTests.swift; sourceTree = "<group>"; };
/* End PBXFileReference section */

/* Begin PBXFrameworksBuildPhase section */
		1433685E1B96091C009CE199 /* Frameworks */ = {
			isa = PBXFrameworksBuildPhase;
			buildActionMask = 2147483647;
			files = (
			);
			runOnlyForDeploymentPostprocessing = 0;
		};
		143368731B96091C009CE199 /* Frameworks */ = {
			isa = PBXFrameworksBuildPhase;
			buildActionMask = 2147483647;
			files = (
			);
			runOnlyForDeploymentPostprocessing = 0;
		};
/* End PBXFrameworksBuildPhase section */

/* Begin PBXGroup section */
		143368581B96091C009CE199 = {
			isa = PBXGroup;
			children = (
				143368631B96091C009CE199 /* Calculator */,
				143368791B96091C009CE199 /* CalculatorTests */,
				143368621B96091C009CE199 /* Products */,
			);
			sourceTree = "<group>";
		};
		143368621B96091C009CE199 /* Products */ = {
			isa = PBXGroup;
			children = (
				143368611B96091C009CE199 /* Calculator.app */,
				143368761B96091C009CE199 /* CalculatorTests.xctest */,
			);
			name = Products;
			sourceTree = "<group>";
		};
		143368631B96091C009CE199 /* Calculator */ = {
			isa = PBXGroup;
			children = (
				143368661B96091C009CE199 /* AppDelegate.swift */,
				143368681B96091C009CE199 /* ViewController.swift */,
				1433686A1B96091C009CE199 /* Main.storyboard */,
				1433686D1B96091C009CE199 /* Images.xcassets */,
				1433686F1B96091C009CE199 /* LaunchScreen.xib */,
				143368641B96091C009CE199 /* Supporting Files */,
			);
			path = Calculator;
			sourceTree = "<group>";
		};
		143368641B96091C009CE199 /* Supporting Files */ = {
			isa = PBXGroup;
			children = (
				143368651B96091C009CE199 /* Info.plist */,
			);
			name = "Supporting Files";
			sourceTree = "<group>";
		};
		143368791B96091C009CE199 /* CalculatorTests */ = {
			isa = PBXGroup;
			children = (
				1433687C1B96091C009CE199 /* CalculatorTests.swift */,
				1433687A1B96091C009CE199 /* Supporting Files */,
			);
			path = CalculatorTests;
			sourceTree = "<group>";
		};
		1433687A1B96091C009CE199 /* Supporting Files */ = {
			isa = PBXGroup;
			children = (
				1433687B1B96091C009CE199 /* Info.plist */,
			);
			name = "Supporting Files";
			sourceTree = "<group>";
		};
/* End PBXGroup section */

/* Begin PBXNativeTarget section */
		143368601B96091C009CE199 /* Calculator */ = {
			isa = PBXNativeTarget;
			buildConfigurationList = 143368801B96091C009CE199 /* Build configuration list for PBXNativeTarget "Calculator" */;
			buildPhases = (
				1433685D1B96091C009CE199 /* Sources */,
				1433685E1B96091C009CE199 /* Frameworks */,
				1433685F1B96091C009CE199 /* Resources */,
			);
			buildRules = (
			);
			dependencies = (
			);
			name = Calculator;
			productName = Calculator;
			productReference = 143368611B96091C009CE199 /* Calculator.app */;
			productType = "com.apple.product-type.application";
		};
		143368751B96091C009CE199 /* CalculatorTests */ = {
			isa = PBXNativeTarget;
			buildConfigurationList = 143368831B96091C009CE199 /* Build configuration list for PBXNativeTarget "CalculatorTests" */;
			buildPhases = (
				143368721B96091C009CE199 /* Sources */,
				143368731B96091C009CE199 /* Frameworks */,
				143368741B96091C009CE199 /* Resources */,
			);
			buildRules = (
			);
			dependencies = (
				143368781B96091C009CE199 /* PBXTargetDependency */,
			);
			name = CalculatorTests;
			productName = CalculatorTests;
			productReference = 143368761B96091C009CE199 /* CalculatorTests.xctest */;
			productType = "com.apple.product-type.bundle.unit-test";
		};
/* End PBXNativeTarget section */

/* Begin PBXProject section */
		143368591B96091C009CE199 /* Project object */ = {
			isa = PBXProject;
			attributes = {
				LastUpgradeCheck = 0640;
				ORGANIZATIONNAME = "Maria G Rivera";
				TargetAttributes = {
					143368601B96091C009CE199 = {
						CreatedOnToolsVersion = 6.4;
					};
					143368751B96091C009CE199 = {
						CreatedOnToolsVersion = 6.4;
						TestTargetID = 143368601B96091C009CE199;
					};
				};
			};
			buildConfigurationList = 1433685C1B96091C009CE199 /* Build configuration list for PBXProject "Calculator" */;
			compatibilityVersion = "Xcode 3.2";
			developmentRegion = English;
			hasScannedForEncodings = 0;
			knownRegions = (
				en,
				Base,
			);
			mainGroup = 143368581B96091C009CE199;
			productRefGroup = 143368621B96091C009CE199 /* Products */;
			projectDirPath = "";
			projectRoot = "";
			targets = (
				143368601B96091C009CE199 /* Calculator */,
				143368751B96091C009CE199 /* CalculatorTests */,
			);
		};
/* End PBXProject section */

/* Begin PBXResourcesBuildPhase section */
		1433685F1B96091C009CE199 /* Resources */ = {
			isa = PBXResourcesBuildPhase;
			buildActionMask = 2147483647;
			files = (
				1433686C1B96091C009CE199 /* Main.storyboard in Resources */,
				143368711B96091C009CE199 /* LaunchScreen.xib in Resources */,
				1433686E1B96091C009CE199 /* Images.xcassets in Resources */,
			);
			runOnlyForDeploymentPostprocessing = 0;
		};
		143368741B96091C009CE199 /* Resources */ = {
			isa = PBXResourcesBuildPhase;
			buildActionMask = 2147483647;
			files = (
			);
			runOnlyForDeploymentPostprocessing = 0;
		};
/* End PBXResourcesBuildPhase section */

/* Begin PBXSourcesBuildPhase section */
		1433685D1B96091C009CE199 /* Sources */ = {
			isa = PBXSourcesBuildPhase;
			buildActionMask = 2147483647;
			files = (
				143368691B96091C009CE199 /* ViewController.swift in Sources */,
				143368671B96091C009CE199 /* AppDelegate.swift in Sources */,
			);
			runOnlyForDeploymentPostprocessing = 0;
		};
		143368721B96091C009CE199 /* Sources */ = {
			isa = PBXSourcesBuildPhase;
			buildActionMask = 2147483647;
			files = (
				1433687D1B96091C009CE199 /* CalculatorTests.swift in Sources */,
			);
			runOnlyForDeploymentPostprocessing = 0;
		};
/* End PBXSourcesBuildPhase section */

/* Begin PBXTargetDependency section */
		143368781B96091C009CE199 /* PBXTargetDependency */ = {
			isa = PBXTargetDependency;
			target = 143368601B96091C009CE199 /* Calculator */;
			targetProxy = 143368771B96091C009CE199 /* PBXContainerItemProxy */;
		};
/* End PBXTargetDependency section */

/* Begin PBXVariantGroup section */
		1433686A1B96091C009CE199 /* Main.storyboard */ = {
			isa = PBXVariantGroup;
			children = (
				1433686B1B96091C009CE199 /* Base */,
			);
			name = Main.storyboard;
			sourceTree = "<group>";
		};
		1433686F1B96091C009CE199 /* LaunchScreen.xib */ = {
			isa = PBXVariantGroup;
			children = (
				143368701B96091C009CE199 /* Base */,
			);
			name = LaunchScreen.xib;
			sourceTree = "<group>";
		};
/* End PBXVariantGroup section */

/* Begin XCBuildConfiguration section */
		1433687E1B96091C009CE199 /* Debug */ = {
			isa = XCBuildConfiguration;
			buildSettings = {
				ALWAYS_SEARCH_USER_PATHS = NO;
				CLANG_CXX_LANGUAGE_STANDARD = "gnu++0x";
				CLANG_CXX_LIBRARY = "libc++";
				CLANG_ENABLE_MODULES = YES;
				CLANG_ENABLE_OBJC_ARC = YES;
				CLANG_WARN_BOOL_CONVERSION = YES;
				CLANG_WARN_CONSTANT_CONVERSION = YES;
				CLANG_WARN_DIRECT_OBJC_ISA_USAGE = YES_ERROR;
				CLANG_WARN_EMPTY_BODY = YES;
				CLANG_WARN_ENUM_CONVERSION = YES;
				CLANG_WARN_INT_CONVERSION = YES;
				CLANG_WARN_OBJC_ROOT_CLASS = YES_ERROR;
				CLANG_WARN_UNREACHABLE_CODE = YES;
				CLANG_WARN__DUPLICATE_METHOD_MATCH = YES;
				"CODE_SIGN_IDENTITY[sdk=iphoneos*]" = "iPhone Developer";
				COPY_PHASE_STRIP = NO;
				DEBUG_INFORMATION_FORMAT = "dwarf-with-dsym";
				ENABLE_STRICT_OBJC_MSGSEND = YES;
				GCC_C_LANGUAGE_STANDARD = gnu99;
				GCC_DYNAMIC_NO_PIC = NO;
				GCC_NO_COMMON_BLOCKS = YES;
				GCC_OPTIMIZATION_LEVEL = 0;
				GCC_PREPROCESSOR_DEFINITIONS = (
					"DEBUG=1",
					"$(inherited)",
				);
				GCC_SYMBOLS_PRIVATE_EXTERN = NO;
				GCC_WARN_64_TO_32_BIT_CONVERSION = YES;
				GCC_WARN_ABOUT_RETURN_TYPE = YES_ERROR;
				GCC_WARN_UNDECLARED_SELECTOR = YES;
				GCC_WARN_UNINITIALIZED_AUTOS = YES_AGGRESSIVE;
				GCC_WARN_UNUSED_FUNCTION = YES;
				GCC_WARN_UNUSED_VARIABLE = YES;
				IPHONEOS_DEPLOYMENT_TARGET = 8.4;
				MTL_ENABLE_DEBUG_INFO = YES;
				ONLY_ACTIVE_ARCH = YES;
				SDKROOT = iphoneos;
				SWIFT_OPTIMIZATION_LEVEL = "-Onone";
				TARGETED_DEVICE_FAMILY = "1,2";
			};
			name = Debug;
		};
		1433687F1B96091C009CE199 /* Release */ = {
			isa = XCBuildConfiguration;
			buildSettings = {
				ALWAYS_SEARCH_USER_PATHS = NO;
				CLANG_CXX_LANGUAGE_STANDARD = "gnu++0x";
				CLANG_CXX_LIBRARY = "libc++";
				CLANG_ENABLE_MODULES = YES;
				CLANG_ENABLE_OBJC_ARC = YES;
				CLANG_WARN_BOOL_CONVERSION = YES;
				CLANG_WARN_CONSTANT_CONVERSION = YES;
				CLANG_WARN_DIRECT_OBJC_ISA_USAGE = YES_ERROR;
				CLANG_WARN_EMPTY_BODY = YES;
				CLANG_WARN_ENUM_CONVERSION = YES;
				CLANG_WARN_INT_CONVERSION = YES;
				CLANG_WARN_OBJC_ROOT_CLASS = YES_ERROR;
				CLANG_WARN_UNREACHABLE_CODE = YES;
				CLANG_WARN__DUPLICATE_METHOD_MATCH = YES;
				"CODE_SIGN_IDENTITY[sdk=iphoneos*]" = "iPhone Developer";
				COPY_PHASE_STRIP = NO;
				DEBUG_INFORMATION_FORMAT = "dwarf-with-dsym";
				ENABLE_NS_ASSERTIONS = NO;
				ENABLE_STRICT_OBJC_MSGSEND = YES;
				GCC_C_LANGUAGE_STANDARD = gnu99;
				GCC_NO_COMMON_BLOCKS = YES;
				GCC_WARN_64_TO_32_BIT_CONVERSION = YES;
				GCC_WARN_ABOUT_RETURN_TYPE = YES_ERROR;
				GCC_WARN_UNDECLARED_SELECTOR = YES;
				GCC_WARN_UNINITIALIZED_AUTOS = YES_AGGRESSIVE;
				GCC_WARN_UNUSED_FUNCTION = YES;
				GCC_WARN_UNUSED_VARIABLE = YES;
				IPHONEOS_DEPLOYMENT_TARGET = 8.4;
				MTL_ENABLE_DEBUG_INFO = NO;
				SDKROOT = iphoneos;
				TARGETED_DEVICE_FAMILY = "1,2";
				VALIDATE_PRODUCT = YES;
			};
			name = Release;
		};
		143368811B96091C009CE199 /* Debug */ = {
			isa = XCBuildConfiguration;
			buildSettings = {
				ASSETCATALOG_COMPILER_APPICON_NAME = AppIcon;
				INFOPLIST_FILE = Calculator/Info.plist;
				LD_RUNPATH_SEARCH_PATHS = "$(inherited) @executable_path/Frameworks";
				PRODUCT_NAME = "$(TARGET_NAME)";
			};
			name = Debug;
		};
		143368821B96091C009CE199 /* Release */ = {
			isa = XCBuildConfiguration;
			buildSettings = {
				ASSETCATALOG_COMPILER_APPICON_NAME = AppIcon;
				INFOPLIST_FILE = Calculator/Info.plist;
				LD_RUNPATH_SEARCH_PATHS = "$(inherited) @executable_path/Frameworks";
				PRODUCT_NAME = "$(TARGET_NAME)";
			};
			name = Release;
		};
		143368841B96091C009CE199 /* Debug */ = {
			isa = XCBuildConfiguration;
			buildSettings = {
				BUNDLE_LOADER = "$(TEST_HOST)";
				FRAMEWORK_SEARCH_PATHS = (
					"$(SDKROOT)/Developer/Library/Frameworks",
					"$(inherited)",
				);
				GCC_PREPROCESSOR_DEFINITIONS = (
					"DEBUG=1",
					"$(inherited)",
				);
				INFOPLIST_FILE = CalculatorTests/Info.plist;
				LD_RUNPATH_SEARCH_PATHS = "$(inherited) @executable_path/Frameworks @loader_path/Frameworks";
				PRODUCT_NAME = "$(TARGET_NAME)";
				TEST_HOST = "$(BUILT_PRODUCTS_DIR)/Calculator.app/Calculator";
			};
			name = Debug;
		};
		143368851B96091C009CE199 /* Release */ = {
			isa = XCBuildConfiguration;
			buildSettings = {
				BUNDLE_LOADER = "$(TEST_HOST)";
				FRAMEWORK_SEARCH_PATHS = (
					"$(SDKROOT)/Developer/Library/Frameworks",
					"$(inherited)",
				);
				INFOPLIST_FILE = CalculatorTests/Info.plist;
				LD_RUNPATH_SEARCH_PATHS = "$(inherited) @executable_path/Frameworks @loader_path/Frameworks";
				PRODUCT_NAME = "$(TARGET_NAME)";
				TEST_HOST = "$(BUILT_PRODUCTS_DIR)/Calculator.app/Calculator";
			};
			name = Release;
		};
/* End XCBuildConfiguration section */

/* Begin XCConfigurationList section */
		1433685C1B96091C009CE199 /* Build configuration list for PBXProject "Calculator" */ = {
			isa = XCConfigurationList;
			buildConfigurations = (
				1433687E1B96091C009CE199 /* Debug */,
				1433687F1B96091C009CE199 /* Release */,
			);
			defaultConfigurationIsVisible = 0;
			defaultConfigurationName = Release;
		};
		143368801B96091C009CE199 /* Build configuration list for PBXNativeTarget "Calculator" */ = {
			isa = XCConfigurationList;
			buildConfigurations = (
				143368811B96091C009CE199 /* Debug */,
				143368821B96091C009CE199 /* Release */,
			);
			defaultConfigurationIsVisible = 0;
		};
		143368831B96091C009CE199 /* Build configuration list for PBXNativeTarget "CalculatorTests" */ = {
			isa = XCConfigurationList;
			buildConfigurations = (
				143368841B96091C009CE199 /* Debug */,
				143368851B96091C009CE199 /* Release */,
			);
			defaultConfigurationIsVisible = 0;
		};
/* End XCConfigurationList section */
	};
	rootObject = 143368591B96091C009CE199 /* Project object */;
}
